
Microsoft Visual Studio Solution File, Format Version 12.00
# Visual Studio 15
VisualStudioVersion = 15.0.27130.2027
MinimumVisualStudioVersion = 10.0.40219.1
Project("{FAE04EC0-301F-11D3-BF4B-00C04F79EFBC}") = "LinQTest", "LinQTest\LinQTest.csproj", "{82DFBF8F-8D03-4E3D-8C2E-5E0345A1F134}"
EndProject
Global
	GlobalSection(SolutionConfigurationPlatforms) = preSolution
		Debug|Any CPU = Debug|Any CPU
		Release|Any CPU = Release|Any CPU
	EndGlobalSection
	GlobalSection(ProjectConfigurationPlatforms) = postSolution
		{82DFBF8F-8D03-4E3D-8C2E-5E0345A1F134}.Debug|Any CPU.ActiveCfg = Debug|Any CPU
		{82DFBF8F-8D03-4E3D-8C2E-5E0345A1F134}.Debug|Any CPU.Build.0 = Debug|Any CPU
		{82DFBF8F-8D03-4E3D-8C2E-5E0345A1F134}.Release|Any CPU.ActiveCfg = Release|Any CPU
		{82DFBF8F-8D03-4E3D-8C2E-5E0345A1F134}.Release|Any CPU.Build.0 = Release|Any CPU
	EndGlobalSection
	GlobalSection(SolutionProperties) = preSolution
		HideSolutionNode = FALSE
	EndGlobalSection
	GlobalSection(ExtensibilityGlobals) = postSolution
		SolutionGuid = {D975E133-C494-4EBF-9E79-57478E60207D}
	EndGlobalSection
EndGlobal
